
Microsoft Visual Studio Solution File, Format Version 12.00
# Visual Studio Version 17
VisualStudioVersion = 17.1.32328.378
MinimumVisualStudioVersion = 10.0.40219.1
Project("{FAE04EC0-301F-11D3-BF4B-00C04F79EFBC}") = "P43a4_Proyecto_Portón_Con_Polimorfismo", "P43a4_Proyecto_Portón_Con_Polimorfismo.csproj", "{A915D638-BCCE-44A2-9133-D4C3DBD8600B}"
EndProject
Global
	GlobalSection(SolutionConfigurationPlatforms) = preSolution
		Debug|Any CPU = Debug|Any CPU
		Release|Any CPU = Release|Any CPU
	EndGlobalSection
	GlobalSection(ProjectConfigurationPlatforms) = postSolution
		{A915D638-BCCE-44A2-9133-D4C3DBD8600B}.Debug|Any CPU.ActiveCfg = Debug|Any CPU
		{A915D638-BCCE-44A2-9133-D4C3DBD8600B}.Debug|Any CPU.Build.0 = Debug|Any CPU
		{A915D638-BCCE-44A2-9133-D4C3DBD8600B}.Release|Any CPU.ActiveCfg = Release|Any CPU
		{A915D638-BCCE-44A2-9133-D4C3DBD8600B}.Release|Any CPU.Build.0 = Release|Any CPU
	EndGlobalSection
	GlobalSection(SolutionProperties) = preSolution
		HideSolutionNode = FALSE
	EndGlobalSection
	GlobalSection(ExtensibilityGlobals) = postSolution
		SolutionGuid = {6D6A490E-743E-4BBA-A7FE-6B3E11F6113D}
	EndGlobalSection
EndGlobal
