
Microsoft Visual Studio Solution File, Format Version 12.00
# Visual Studio Version 16
VisualStudioVersion = 16.0.31729.503
MinimumVisualStudioVersion = 10.0.40219.1
Project("{FAE04EC0-301F-11D3-BF4B-00C04F79EFBC}") = "P20d_Presentar_Fecha_En_Texto", "P20d_Presentar_Fecha_En_Texto\P20d_Presentar_Fecha_En_Texto.csproj", "{486BE326-CEE3-4402-A435-48FA3666A33F}"
EndProject
Global
	GlobalSection(SolutionConfigurationPlatforms) = preSolution
		Debug|Any CPU = Debug|Any CPU
		Release|Any CPU = Release|Any CPU
	EndGlobalSection
	GlobalSection(ProjectConfigurationPlatforms) = postSolution
		{486BE326-CEE3-4402-A435-48FA3666A33F}.Debug|Any CPU.ActiveCfg = Debug|Any CPU
		{486BE326-CEE3-4402-A435-48FA3666A33F}.Debug|Any CPU.Build.0 = Debug|Any CPU
		{486BE326-CEE3-4402-A435-48FA3666A33F}.Release|Any CPU.ActiveCfg = Release|Any CPU
		{486BE326-CEE3-4402-A435-48FA3666A33F}.Release|Any CPU.Build.0 = Release|Any CPU
	EndGlobalSection
	GlobalSection(SolutionProperties) = preSolution
		HideSolutionNode = FALSE
	EndGlobalSection
	GlobalSection(ExtensibilityGlobals) = postSolution
		SolutionGuid = {20861110-531E-4E01-AAEB-FBCAFAFEEE77}
	EndGlobalSection
EndGlobal
