
Microsoft Visual Studio Solution File, Format Version 12.00
# Visual Studio Version 16
VisualStudioVersion = 16.0.31911.196
MinimumVisualStudioVersion = 10.0.40219.1
Project("{FAE04EC0-301F-11D3-BF4B-00C04F79EFBC}") = "P38_Leer_Pacientes_Y_Mostrar_Ordenados", "P38_Leer_Pacientes_Y_Mostrar_Ordenados\P38_Leer_Pacientes_Y_Mostrar_Ordenados.csproj", "{D054D420-7A93-4135-8E41-2C7CE3BBDADB}"
EndProject
Global
	GlobalSection(SolutionConfigurationPlatforms) = preSolution
		Debug|Any CPU = Debug|Any CPU
		Release|Any CPU = Release|Any CPU
	EndGlobalSection
	GlobalSection(ProjectConfigurationPlatforms) = postSolution
		{D054D420-7A93-4135-8E41-2C7CE3BBDADB}.Debug|Any CPU.ActiveCfg = Debug|Any CPU
		{D054D420-7A93-4135-8E41-2C7CE3BBDADB}.Debug|Any CPU.Build.0 = Debug|Any CPU
		{D054D420-7A93-4135-8E41-2C7CE3BBDADB}.Release|Any CPU.ActiveCfg = Release|Any CPU
		{D054D420-7A93-4135-8E41-2C7CE3BBDADB}.Release|Any CPU.Build.0 = Release|Any CPU
	EndGlobalSection
	GlobalSection(SolutionProperties) = preSolution
		HideSolutionNode = FALSE
	EndGlobalSection
	GlobalSection(ExtensibilityGlobals) = postSolution
		SolutionGuid = {BF86FEE5-32EF-4B4D-9B47-1E666C4E56D9}
	EndGlobalSection
EndGlobal
