
Microsoft Visual Studio Solution File, Format Version 12.00
# Visual Studio Version 16
VisualStudioVersion = 16.0.31729.503
MinimumVisualStudioVersion = 10.0.40219.1
Project("{FAE04EC0-301F-11D3-BF4B-00C04F79EFBC}") = "P14c2_Acierta_Numero_conPuntos", "P14c2_Acierta_Numero_conPuntos\P14c2_Acierta_Numero_conPuntos.csproj", "{BF10441D-E953-4D66-853E-04D6B9D3AF24}"
EndProject
Global
	GlobalSection(SolutionConfigurationPlatforms) = preSolution
		Debug|Any CPU = Debug|Any CPU
		Release|Any CPU = Release|Any CPU
	EndGlobalSection
	GlobalSection(ProjectConfigurationPlatforms) = postSolution
		{BF10441D-E953-4D66-853E-04D6B9D3AF24}.Debug|Any CPU.ActiveCfg = Debug|Any CPU
		{BF10441D-E953-4D66-853E-04D6B9D3AF24}.Debug|Any CPU.Build.0 = Debug|Any CPU
		{BF10441D-E953-4D66-853E-04D6B9D3AF24}.Release|Any CPU.ActiveCfg = Release|Any CPU
		{BF10441D-E953-4D66-853E-04D6B9D3AF24}.Release|Any CPU.Build.0 = Release|Any CPU
	EndGlobalSection
	GlobalSection(SolutionProperties) = preSolution
		HideSolutionNode = FALSE
	EndGlobalSection
	GlobalSection(ExtensibilityGlobals) = postSolution
		SolutionGuid = {B1530F48-3945-4A68-82DB-56E2ABE7A378}
	EndGlobalSection
EndGlobal
