
Microsoft Visual Studio Solution File, Format Version 12.00
# Visual Studio Version 16
VisualStudioVersion = 16.0.31911.196
MinimumVisualStudioVersion = 10.0.40219.1
Project("{FAE04EC0-301F-11D3-BF4B-00C04F79EFBC}") = "P34a_Escribir_Registros_TXT_Campos_Dimensionados", "P34a_Escribir_Registros_TXT_Campos_Dimensionados\P34a_Escribir_Registros_TXT_Campos_Dimensionados.csproj", "{CF844B6E-1A54-4D00-B61F-8C4C2CABD144}"
EndProject
Global
	GlobalSection(SolutionConfigurationPlatforms) = preSolution
		Debug|Any CPU = Debug|Any CPU
		Release|Any CPU = Release|Any CPU
	EndGlobalSection
	GlobalSection(ProjectConfigurationPlatforms) = postSolution
		{CF844B6E-1A54-4D00-B61F-8C4C2CABD144}.Debug|Any CPU.ActiveCfg = Debug|Any CPU
		{CF844B6E-1A54-4D00-B61F-8C4C2CABD144}.Debug|Any CPU.Build.0 = Debug|Any CPU
		{CF844B6E-1A54-4D00-B61F-8C4C2CABD144}.Release|Any CPU.ActiveCfg = Release|Any CPU
		{CF844B6E-1A54-4D00-B61F-8C4C2CABD144}.Release|Any CPU.Build.0 = Release|Any CPU
	EndGlobalSection
	GlobalSection(SolutionProperties) = preSolution
		HideSolutionNode = FALSE
	EndGlobalSection
	GlobalSection(ExtensibilityGlobals) = postSolution
		SolutionGuid = {B0F7F819-3182-476F-80EE-38E9B4CF0132}
	EndGlobalSection
EndGlobal
