
Microsoft Visual Studio Solution File, Format Version 12.00
# Visual Studio Version 16
VisualStudioVersion = 16.0.31702.278
MinimumVisualStudioVersion = 10.0.40219.1
Project("{FAE04EC0-301F-11D3-BF4B-00C04F79EFBC}") = "P12e_Captura_Entero_1", "P12e_Captura_Entero_1\P12e_Captura_Entero_1.csproj", "{D90333AE-63BF-4F97-875B-BED0EDA359D5}"
EndProject
Global
	GlobalSection(SolutionConfigurationPlatforms) = preSolution
		Debug|Any CPU = Debug|Any CPU
		Release|Any CPU = Release|Any CPU
	EndGlobalSection
	GlobalSection(ProjectConfigurationPlatforms) = postSolution
		{D90333AE-63BF-4F97-875B-BED0EDA359D5}.Debug|Any CPU.ActiveCfg = Debug|Any CPU
		{D90333AE-63BF-4F97-875B-BED0EDA359D5}.Debug|Any CPU.Build.0 = Debug|Any CPU
		{D90333AE-63BF-4F97-875B-BED0EDA359D5}.Release|Any CPU.ActiveCfg = Release|Any CPU
		{D90333AE-63BF-4F97-875B-BED0EDA359D5}.Release|Any CPU.Build.0 = Release|Any CPU
	EndGlobalSection
	GlobalSection(SolutionProperties) = preSolution
		HideSolutionNode = FALSE
	EndGlobalSection
	GlobalSection(ExtensibilityGlobals) = postSolution
		SolutionGuid = {DBEC1160-D463-45C4-8073-912386D5A446}
	EndGlobalSection
EndGlobal
