
Microsoft Visual Studio Solution File, Format Version 12.00
# Visual Studio Version 16
VisualStudioVersion = 16.0.31702.278
MinimumVisualStudioVersion = 10.0.40219.1
Project("{FAE04EC0-301F-11D3-BF4B-00C04F79EFBC}") = "P13b_Dia_de_la_Semana_Switch", "P13b_Dia_de_la_Semana_Switch\P13b_Dia_de_la_Semana_Switch.csproj", "{4700B777-BCB2-41EA-94C8-ED4DF48D7553}"
EndProject
Global
	GlobalSection(SolutionConfigurationPlatforms) = preSolution
		Debug|Any CPU = Debug|Any CPU
		Release|Any CPU = Release|Any CPU
	EndGlobalSection
	GlobalSection(ProjectConfigurationPlatforms) = postSolution
		{4700B777-BCB2-41EA-94C8-ED4DF48D7553}.Debug|Any CPU.ActiveCfg = Debug|Any CPU
		{4700B777-BCB2-41EA-94C8-ED4DF48D7553}.Debug|Any CPU.Build.0 = Debug|Any CPU
		{4700B777-BCB2-41EA-94C8-ED4DF48D7553}.Release|Any CPU.ActiveCfg = Release|Any CPU
		{4700B777-BCB2-41EA-94C8-ED4DF48D7553}.Release|Any CPU.Build.0 = Release|Any CPU
	EndGlobalSection
	GlobalSection(SolutionProperties) = preSolution
		HideSolutionNode = FALSE
	EndGlobalSection
	GlobalSection(ExtensibilityGlobals) = postSolution
		SolutionGuid = {141CEB08-A805-461D-AFBC-C62C5C972125}
	EndGlobalSection
EndGlobal
