
Microsoft Visual Studio Solution File, Format Version 12.00
# Visual Studio Version 16
VisualStudioVersion = 16.0.31911.196
MinimumVisualStudioVersion = 10.0.40219.1
Project("{FAE04EC0-301F-11D3-BF4B-00C04F79EFBC}") = "P23a_Tabla_2D_Gente", "P23a_Tabla_2D_Gente\P23a_Tabla_2D_Gente.csproj", "{FD29DA48-642E-44CF-BE95-0B229847ED84}"
EndProject
Global
	GlobalSection(SolutionConfigurationPlatforms) = preSolution
		Debug|Any CPU = Debug|Any CPU
		Release|Any CPU = Release|Any CPU
	EndGlobalSection
	GlobalSection(ProjectConfigurationPlatforms) = postSolution
		{FD29DA48-642E-44CF-BE95-0B229847ED84}.Debug|Any CPU.ActiveCfg = Debug|Any CPU
		{FD29DA48-642E-44CF-BE95-0B229847ED84}.Debug|Any CPU.Build.0 = Debug|Any CPU
		{FD29DA48-642E-44CF-BE95-0B229847ED84}.Release|Any CPU.ActiveCfg = Release|Any CPU
		{FD29DA48-642E-44CF-BE95-0B229847ED84}.Release|Any CPU.Build.0 = Release|Any CPU
	EndGlobalSection
	GlobalSection(SolutionProperties) = preSolution
		HideSolutionNode = FALSE
	EndGlobalSection
	GlobalSection(ExtensibilityGlobals) = postSolution
		SolutionGuid = {81AA29DA-E540-4544-B13C-7D06F4F4D60E}
	EndGlobalSection
EndGlobal
