
Microsoft Visual Studio Solution File, Format Version 12.00
# Visual Studio Version 16
VisualStudioVersion = 16.0.31729.503
MinimumVisualStudioVersion = 10.0.40219.1
Project("{FAE04EC0-301F-11D3-BF4B-00C04F79EFBC}") = "P21f_Multiplicar_Sumando", "P21f_Multiplicar_Sumando\P21f_Multiplicar_Sumando.csproj", "{F38EAC17-52BD-41D5-8314-2116E54B872D}"
EndProject
Global
	GlobalSection(SolutionConfigurationPlatforms) = preSolution
		Debug|Any CPU = Debug|Any CPU
		Release|Any CPU = Release|Any CPU
	EndGlobalSection
	GlobalSection(ProjectConfigurationPlatforms) = postSolution
		{F38EAC17-52BD-41D5-8314-2116E54B872D}.Debug|Any CPU.ActiveCfg = Debug|Any CPU
		{F38EAC17-52BD-41D5-8314-2116E54B872D}.Debug|Any CPU.Build.0 = Debug|Any CPU
		{F38EAC17-52BD-41D5-8314-2116E54B872D}.Release|Any CPU.ActiveCfg = Release|Any CPU
		{F38EAC17-52BD-41D5-8314-2116E54B872D}.Release|Any CPU.Build.0 = Release|Any CPU
	EndGlobalSection
	GlobalSection(SolutionProperties) = preSolution
		HideSolutionNode = FALSE
	EndGlobalSection
	GlobalSection(ExtensibilityGlobals) = postSolution
		SolutionGuid = {6078EB0C-6AAC-43FE-8A75-C84F9FF281CA}
	EndGlobalSection
EndGlobal
