
Microsoft Visual Studio Solution File, Format Version 12.00
# Visual Studio Version 17
VisualStudioVersion = 17.1.32210.238
MinimumVisualStudioVersion = 10.0.40219.1
Project("{FAE04EC0-301F-11D3-BF4B-00C04F79EFBC}") = "P40d2_Proyecto_Alumnos_3_Notas", "P40d2_Proyecto_Alumnos_3_Notas\P40d2_Proyecto_Alumnos_3_Notas.csproj", "{49BA8AB8-8285-4C42-90D6-8A3937AF584A}"
EndProject
Global
	GlobalSection(SolutionConfigurationPlatforms) = preSolution
		Debug|Any CPU = Debug|Any CPU
		Release|Any CPU = Release|Any CPU
	EndGlobalSection
	GlobalSection(ProjectConfigurationPlatforms) = postSolution
		{49BA8AB8-8285-4C42-90D6-8A3937AF584A}.Debug|Any CPU.ActiveCfg = Debug|Any CPU
		{49BA8AB8-8285-4C42-90D6-8A3937AF584A}.Debug|Any CPU.Build.0 = Debug|Any CPU
		{49BA8AB8-8285-4C42-90D6-8A3937AF584A}.Release|Any CPU.ActiveCfg = Release|Any CPU
		{49BA8AB8-8285-4C42-90D6-8A3937AF584A}.Release|Any CPU.Build.0 = Release|Any CPU
	EndGlobalSection
	GlobalSection(SolutionProperties) = preSolution
		HideSolutionNode = FALSE
	EndGlobalSection
	GlobalSection(ExtensibilityGlobals) = postSolution
		SolutionGuid = {E603BB55-4C84-4B43-85C2-330F3615685D}
	EndGlobalSection
EndGlobal
