
Microsoft Visual Studio Solution File, Format Version 12.00
# Visual Studio Version 16
VisualStudioVersion = 16.0.31911.196
MinimumVisualStudioVersion = 10.0.40219.1
Project("{FAE04EC0-301F-11D3-BF4B-00C04F79EFBC}") = "P40a_Proyecto_Cliente", "P40a_Proyecto_Cliente\P40a_Proyecto_Cliente.csproj", "{EC8FE184-FD4E-46C9-9959-E980C0289A24}"
EndProject
Global
	GlobalSection(SolutionConfigurationPlatforms) = preSolution
		Debug|Any CPU = Debug|Any CPU
		Release|Any CPU = Release|Any CPU
	EndGlobalSection
	GlobalSection(ProjectConfigurationPlatforms) = postSolution
		{EC8FE184-FD4E-46C9-9959-E980C0289A24}.Debug|Any CPU.ActiveCfg = Debug|Any CPU
		{EC8FE184-FD4E-46C9-9959-E980C0289A24}.Debug|Any CPU.Build.0 = Debug|Any CPU
		{EC8FE184-FD4E-46C9-9959-E980C0289A24}.Release|Any CPU.ActiveCfg = Release|Any CPU
		{EC8FE184-FD4E-46C9-9959-E980C0289A24}.Release|Any CPU.Build.0 = Release|Any CPU
	EndGlobalSection
	GlobalSection(SolutionProperties) = preSolution
		HideSolutionNode = FALSE
	EndGlobalSection
	GlobalSection(ExtensibilityGlobals) = postSolution
		SolutionGuid = {6ECFD1C3-40E2-4800-9A84-F5772F61FAE4}
	EndGlobalSection
EndGlobal
