
Microsoft Visual Studio Solution File, Format Version 12.00
# Visual Studio Version 16
VisualStudioVersion = 16.0.31911.196
MinimumVisualStudioVersion = 10.0.40219.1
Project("{FAE04EC0-301F-11D3-BF4B-00C04F79EFBC}") = "P40e1_Proyecto_Rectangulo", "P40e1_Proyecto_Rectangulo\P40e1_Proyecto_Rectangulo.csproj", "{7949549A-9A80-4F6B-8363-9C0AB8B296AE}"
EndProject
Global
	GlobalSection(SolutionConfigurationPlatforms) = preSolution
		Debug|Any CPU = Debug|Any CPU
		Release|Any CPU = Release|Any CPU
	EndGlobalSection
	GlobalSection(ProjectConfigurationPlatforms) = postSolution
		{7949549A-9A80-4F6B-8363-9C0AB8B296AE}.Debug|Any CPU.ActiveCfg = Debug|Any CPU
		{7949549A-9A80-4F6B-8363-9C0AB8B296AE}.Debug|Any CPU.Build.0 = Debug|Any CPU
		{7949549A-9A80-4F6B-8363-9C0AB8B296AE}.Release|Any CPU.ActiveCfg = Release|Any CPU
		{7949549A-9A80-4F6B-8363-9C0AB8B296AE}.Release|Any CPU.Build.0 = Release|Any CPU
	EndGlobalSection
	GlobalSection(SolutionProperties) = preSolution
		HideSolutionNode = FALSE
	EndGlobalSection
	GlobalSection(ExtensibilityGlobals) = postSolution
		SolutionGuid = {A91DCDE3-968D-4DBF-94BA-3FA0D983F9C2}
	EndGlobalSection
EndGlobal
